// !$*UTF8*$!
{
	archiveVersion = 1;
	classes = {
	};
	objectVersion = 46;
	objects = {

/* Begin PBXBuildFile section */
		62D24D401D54A19500A5AD08 /* LaunchScreen.storyboard in Resources */ = {isa = PBXBuildFile; fileRef = 62D24D3C1D54A19500A5AD08 /* LaunchScreen.storyboard */; };
		62D24D411D54A19500A5AD08 /* Main.storyboard in Resources */ = {isa = PBXBuildFile; fileRef = 62D24D3E1D54A19500A5AD08 /* Main.storyboard */; };
		62D24D451D54A1E300A5AD08 /* Assets.xcassets in Resources */ = {isa = PBXBuildFile; fileRef = 62D24D431D54A1E300A5AD08 /* Assets.xcassets */; };
		62D29DB41D54D5A200A98C0F /* Reachability.swift in Sources */ = {isa = PBXBuildFile; fileRef = 62D29DB31D54D5A200A98C0F /* Reachability.swift */; };
		62D29DB71D54D5AB00A98C0F /* JCNetworkError.swift in Sources */ = {isa = PBXBuildFile; fileRef = 62D29DB51D54D5AB00A98C0F /* JCNetworkError.swift */; };
		62D29DB81D54D5AB00A98C0F /* JCNetworkWrapper.swift in Sources */ = {isa = PBXBuildFile; fileRef = 62D29DB61D54D5AB00A98C0F /* JCNetworkWrapper.swift */; };
		62D29DBA1D54E5E600A98C0F /* Gloss.framework in Frameworks */ = {isa = PBXBuildFile; fileRef = 62D29DB91D54E5E600A98C0F /* Gloss.framework */; };
		62D29DC41D553ACA00A98C0F /* AppDelegate.swift in Sources */ = {isa = PBXBuildFile; fileRef = 62D29DC31D553ACA00A98C0F /* AppDelegate.swift */; };
		62D29DCC1D55449900A98C0F /* MOCMubalooDataSource.swift in Sources */ = {isa = PBXBuildFile; fileRef = 62D29DCB1D55449900A98C0F /* MOCMubalooDataSource.swift */; };
		62D29DD01D5630D200A98C0F /* MOCTeam.swift in Sources */ = {isa = PBXBuildFile; fileRef = 62D29DCE1D5630D200A98C0F /* MOCTeam.swift */; };
		62D29DD11D5630D200A98C0F /* MOCTeamMember.swift in Sources */ = {isa = PBXBuildFile; fileRef = 62D29DCF1D5630D200A98C0F /* MOCTeamMember.swift */; };
		62D29DD31D56393400A98C0F /* MOCTeamsTableViewController.swift in Sources */ = {isa = PBXBuildFile; fileRef = 62D29DD21D56393400A98C0F /* MOCTeamsTableViewController.swift */; };
		62D29DD51D56539E00A98C0F /* MOCTeamMembersTableViewController.swift in Sources */ = {isa = PBXBuildFile; fileRef = 62D29DD41D56539E00A98C0F /* MOCTeamMembersTableViewController.swift */; };
		62D29DDD1D579BEB00A98C0F /* Kingfisher.framework in Frameworks */ = {isa = PBXBuildFile; fileRef = 62D29DDC1D579BEB00A98C0F /* Kingfisher.framework */; };
		62D29DEF1D57ABA800A98C0F /* MOCTeamLeaderTableViewCell.swift in Sources */ = {isa = PBXBuildFile; fileRef = 62D29DED1D57ABA800A98C0F /* MOCTeamLeaderTableViewCell.swift */; };
		62D29DF01D57ABA800A98C0F /* MOCTeamLeaderTableViewCell.xib in Resources */ = {isa = PBXBuildFile; fileRef = 62D29DEE1D57ABA800A98C0F /* MOCTeamLeaderTableViewCell.xib */; };
		62D29DF31D57ABB300A98C0F /* MOCTeamMemberTableViewCell.swift in Sources */ = {isa = PBXBuildFile; fileRef = 62D29DF11D57ABB300A98C0F /* MOCTeamMemberTableViewCell.swift */; };
		62D29DF41D57ABB300A98C0F /* MOCTeamMemberTableViewCell.xib in Resources */ = {isa = PBXBuildFile; fileRef = 62D29DF21D57ABB300A98C0F /* MOCTeamMemberTableViewCell.xib */; };
		62D29DFC1D57ACE100A98C0F /* JCSimplePresentationController.swift in Sources */ = {isa = PBXBuildFile; fileRef = 62D29DFB1D57ACE100A98C0F /* JCSimplePresentationController.swift */; };
		62D29DFF1D57AD1200A98C0F /* JCSimpleTransitioner.swift in Sources */ = {isa = PBXBuildFile; fileRef = 62D29DFE1D57AD1200A98C0F /* JCSimpleTransitioner.swift */; };
		62D29E011D57AEB700A98C0F /* MOCTeamMemberDetailViewController.swift in Sources */ = {isa = PBXBuildFile; fileRef = 62D29E001D57AEB700A98C0F /* MOCTeamMemberDetailViewController.swift */; };
		62D29E041D57C35F00A98C0F /* MOCBaseSplitViewController.swift in Sources */ = {isa = PBXBuildFile; fileRef = 62D29E031D57C35F00A98C0F /* MOCBaseSplitViewController.swift */; };
/* End PBXBuildFile section */

/* Begin PBXFileReference section */
		62D24D221D549FB400A5AD08 /* MubalooOrganizationChart.app */ = {isa = PBXFileReference; explicitFileType = wrapper.application; includeInIndex = 0; path = MubalooOrganizationChart.app; sourceTree = BUILT_PRODUCTS_DIR; };
		62D24D3D1D54A19500A5AD08 /* Base */ = {isa = PBXFileReference; lastKnownFileType = file.storyboard; name = Base; path = Views/Base.lproj/LaunchScreen.storyboard; sourceTree = "<group>"; };
		62D24D3F1D54A19500A5AD08 /* Base */ = {isa = PBXFileReference; lastKnownFileType = file.storyboard; name = Base; path = Views/Base.lproj/Main.storyboard; sourceTree = "<group>"; };
		62D24D431D54A1E300A5AD08 /* Assets.xcassets */ = {isa = PBXFileReference; lastKnownFileType = folder.assetcatalog; name = Assets.xcassets; path = Resources/Assets.xcassets; sourceTree = "<group>"; };
		62D24D441D54A1E300A5AD08 /* Info.plist */ = {isa = PBXFileReference; fileEncoding = 4; lastKnownFileType = text.plist.xml; name = Info.plist; path = Resources/Info.plist; sourceTree = "<group>"; };
		62D29DB31D54D5A200A98C0F /* Reachability.swift */ = {isa = PBXFileReference; fileEncoding = 4; lastKnownFileType = sourcecode.swift; name = Reachability.swift; path = Helpers/Reachability/Reachability.swift; sourceTree = "<group>"; };
		62D29DB51D54D5AB00A98C0F /* JCNetworkError.swift */ = {isa = PBXFileReference; fileEncoding = 4; lastKnownFileType = sourcecode.swift; name = JCNetworkError.swift; path = Helpers/NetworkWrapper/JCNetworkError.swift; sourceTree = "<group>"; };
		62D29DB61D54D5AB00A98C0F /* JCNetworkWrapper.swift */ = {isa = PBXFileReference; fileEncoding = 4; lastKnownFileType = sourcecode.swift; name = JCNetworkWrapper.swift; path = Helpers/NetworkWrapper/JCNetworkWrapper.swift; sourceTree = "<group>"; };
		62D29DB91D54E5E600A98C0F /* Gloss.framework */ = {isa = PBXFileReference; lastKnownFileType = wrapper.framework; name = Gloss.framework; path = ../Carthage/Build/iOS/Gloss.framework; sourceTree = "<group>"; };
		62D29DC31D553ACA00A98C0F /* AppDelegate.swift */ = {isa = PBXFileReference; fileEncoding = 4; lastKnownFileType = sourcecode.swift; name = AppDelegate.swift; path = Utils/AppDelegate.swift; sourceTree = "<group>"; };
		62D29DCB1D55449900A98C0F /* MOCMubalooDataSource.swift */ = {isa = PBXFileReference; fileEncoding = 4; lastKnownFileType = sourcecode.swift; name = MOCMubalooDataSource.swift; path = Models/MOCMubalooDataSource.swift; sourceTree = "<group>"; };
		62D29DCE1D5630D200A98C0F /* MOCTeam.swift */ = {isa = PBXFileReference; fileEncoding = 4; lastKnownFileType = sourcecode.swift; name = MOCTeam.swift; path = Models/Entitities/MOCTeam.swift; sourceTree = "<group>"; };
		62D29DCF1D5630D200A98C0F /* MOCTeamMember.swift */ = {isa = PBXFileReference; fileEncoding = 4; lastKnownFileType = sourcecode.swift; name = MOCTeamMember.swift; path = Models/Entitities/MOCTeamMember.swift; sourceTree = "<group>"; };
		62D29DD21D56393400A98C0F /* MOCTeamsTableViewController.swift */ = {isa = PBXFileReference; fileEncoding = 4; lastKnownFileType = sourcecode.swift; name = MOCTeamsTableViewController.swift; path = Controllers/MOCTeamsTableViewController.swift; sourceTree = "<group>"; };
		62D29DD41D56539E00A98C0F /* MOCTeamMembersTableViewController.swift */ = {isa = PBXFileReference; fileEncoding = 4; lastKnownFileType = sourcecode.swift; name = MOCTeamMembersTableViewController.swift; path = Controllers/MOCTeamMembersTableViewController.swift; sourceTree = "<group>"; };
		62D29DDC1D579BEB00A98C0F /* Kingfisher.framework */ = {isa = PBXFileReference; lastKnownFileType = wrapper.framework; name = Kingfisher.framework; path = ../Carthage/Build/iOS/Kingfisher.framework; sourceTree = "<group>"; };
		62D29DED1D57ABA800A98C0F /* MOCTeamLeaderTableViewCell.swift */ = {isa = PBXFileReference; fileEncoding = 4; lastKnownFileType = sourcecode.swift; name = MOCTeamLeaderTableViewCell.swift; path = Views/CustomViews/TeamLeaderTableViewCell/MOCTeamLeaderTableViewCell.swift; sourceTree = "<group>"; };
		62D29DEE1D57ABA800A98C0F /* MOCTeamLeaderTableViewCell.xib */ = {isa = PBXFileReference; fileEncoding = 4; lastKnownFileType = file.xib; name = MOCTeamLeaderTableViewCell.xib; path = Views/CustomViews/TeamLeaderTableViewCell/MOCTeamLeaderTableViewCell.xib; sourceTree = "<group>"; };
		62D29DF11D57ABB300A98C0F /* MOCTeamMemberTableViewCell.swift */ = {isa = PBXFileReference; fileEncoding = 4; lastKnownFileType = sourcecode.swift; name = MOCTeamMemberTableViewCell.swift; path = Views/CustomViews/TeamMemberTableViewCell/MOCTeamMemberTableViewCell.swift; sourceTree = "<group>"; };
		62D29DF21D57ABB300A98C0F /* MOCTeamMemberTableViewCell.xib */ = {isa = PBXFileReference; fileEncoding = 4; lastKnownFileType = file.xib; name = MOCTeamMemberTableViewCell.xib; path = Views/CustomViews/TeamMemberTableViewCell/MOCTeamMemberTableViewCell.xib; sourceTree = "<group>"; };
		62D29DFB1D57ACE100A98C0F /* JCSimplePresentationController.swift */ = {isa = PBXFileReference; fileEncoding = 4; lastKnownFileType = sourcecode.swift; name = JCSimplePresentationController.swift; path = Helpers/PresentationWrapper/PresentationControllers/JCSimplePresentationController.swift; sourceTree = "<group>"; };
		62D29DFE1D57AD1200A98C0F /* JCSimpleTransitioner.swift */ = {isa = PBXFileReference; fileEncoding = 4; lastKnownFileType = sourcecode.swift; name = JCSimpleTransitioner.swift; path = Helpers/PresentationWrapper/Transitioners/JCSimpleTransitioner.swift; sourceTree = "<group>"; };
		62D29E001D57AEB700A98C0F /* MOCTeamMemberDetailViewController.swift */ = {isa = PBXFileReference; fileEncoding = 4; lastKnownFileType = sourcecode.swift; name = MOCTeamMemberDetailViewController.swift; path = Controllers/MOCTeamMemberDetailViewController.swift; sourceTree = "<group>"; };
		62D29E031D57C35F00A98C0F /* MOCBaseSplitViewController.swift */ = {isa = PBXFileReference; fileEncoding = 4; lastKnownFileType = sourcecode.swift; name = MOCBaseSplitViewController.swift; path = Controllers/BaseViewControllers/MOCBaseSplitViewController.swift; sourceTree = "<group>"; };
/* End PBXFileReference section */

/* Begin PBXFrameworksBuildPhase section */
		62D24D1F1D549FB400A5AD08 /* Frameworks */ = {
			isa = PBXFrameworksBuildPhase;
			buildActionMask = 2147483647;
			files = (
				62D29DDD1D579BEB00A98C0F /* Kingfisher.framework in Frameworks */,
				62D29DBA1D54E5E600A98C0F /* Gloss.framework in Frameworks */,
			);
			runOnlyForDeploymentPostprocessing = 0;
		};
/* End PBXFrameworksBuildPhase section */

/* Begin PBXGroup section */
		62D24D191D549FB400A5AD08 = {
			isa = PBXGroup;
			children = (
				62D24D241D549FB400A5AD08 /* MubalooOrganizationChart */,
				62D24D231D549FB400A5AD08 /* Products */,
			);
			sourceTree = "<group>";
		};
		62D24D231D549FB400A5AD08 /* Products */ = {
			isa = PBXGroup;
			children = (
				62D24D221D549FB400A5AD08 /* MubalooOrganizationChart.app */,
			);
			name = Products;
			sourceTree = "<group>";
		};
		62D24D241D549FB400A5AD08 /* MubalooOrganizationChart */ = {
			isa = PBXGroup;
			children = (
				62D24D371D54A12700A5AD08 /* Models */,
				62D24D381D54A12D00A5AD08 /* Views */,
				62D24D391D54A13300A5AD08 /* Controllers */,
				62D24D4A1D54D22D00A5AD08 /* Helpers */,
				62D24D421D54A1D500A5AD08 /* Resources */,
				62D29DC21D553A7D00A98C0F /* Utils */,
				62D29DBC1D54E8CB00A98C0F /* Vendor */,
			);
			path = MubalooOrganizationChart;
			sourceTree = "<group>";
		};
		62D24D371D54A12700A5AD08 /* Models */ = {
			isa = PBXGroup;
			children = (
				62D29DCD1D5630AE00A98C0F /* Entities */,
				62D29DCB1D55449900A98C0F /* MOCMubalooDataSource.swift */,
			);
			name = Models;
			sourceTree = "<group>";
		};
		62D24D381D54A12D00A5AD08 /* Views */ = {
			isa = PBXGroup;
			children = (
				62D29DE21D57AB4E00A98C0F /* CustomViews */,
				62D24D3E1D54A19500A5AD08 /* Main.storyboard */,
				62D24D3C1D54A19500A5AD08 /* LaunchScreen.storyboard */,
			);
			name = Views;
			sourceTree = "<group>";
		};
		62D24D391D54A13300A5AD08 /* Controllers */ = {
			isa = PBXGroup;
			children = (
				62D29E021D57C34300A98C0F /* BaseViewController */,
				62D29DD21D56393400A98C0F /* MOCTeamsTableViewController.swift */,
				62D29DD41D56539E00A98C0F /* MOCTeamMembersTableViewController.swift */,
				62D29E001D57AEB700A98C0F /* MOCTeamMemberDetailViewController.swift */,
			);
			name = Controllers;
			sourceTree = "<group>";
		};
		62D24D421D54A1D500A5AD08 /* Resources */ = {
			isa = PBXGroup;
			children = (
				62D24D431D54A1E300A5AD08 /* Assets.xcassets */,
				62D24D441D54A1E300A5AD08 /* Info.plist */,
			);
			name = Resources;
			sourceTree = "<group>";
		};
		62D24D4A1D54D22D00A5AD08 /* Helpers */ = {
			isa = PBXGroup;
			children = (
				62D29DB21D54D59000A98C0F /* NetworkWrapper */,
				62D29DF51D57ACAB00A98C0F /* PresentationWrapper */,
				62D29DB11D54D58900A98C0F /* Reachability */,
			);
			name = Helpers;
			sourceTree = "<group>";
		};
		62D29DB11D54D58900A98C0F /* Reachability */ = {
			isa = PBXGroup;
			children = (
				62D29DB31D54D5A200A98C0F /* Reachability.swift */,
			);
			name = Reachability;
			sourceTree = "<group>";
		};
		62D29DB21D54D59000A98C0F /* NetworkWrapper */ = {
			isa = PBXGroup;
			children = (
				62D29DB51D54D5AB00A98C0F /* JCNetworkError.swift */,
				62D29DB61D54D5AB00A98C0F /* JCNetworkWrapper.swift */,
			);
			name = NetworkWrapper;
			sourceTree = "<group>";
		};
		62D29DBC1D54E8CB00A98C0F /* Vendor */ = {
			isa = PBXGroup;
			children = (
				62D29DDC1D579BEB00A98C0F /* Kingfisher.framework */,
				62D29DB91D54E5E600A98C0F /* Gloss.framework */,
			);
			name = Vendor;
			sourceTree = "<group>";
		};
		62D29DC21D553A7D00A98C0F /* Utils */ = {
			isa = PBXGroup;
			children = (
				62D29DC31D553ACA00A98C0F /* AppDelegate.swift */,
			);
			name = Utils;
			sourceTree = "<group>";
		};
		62D29DCD1D5630AE00A98C0F /* Entities */ = {
			isa = PBXGroup;
			children = (
				62D29DCE1D5630D200A98C0F /* MOCTeam.swift */,
				62D29DCF1D5630D200A98C0F /* MOCTeamMember.swift */,
			);
			name = Entities;
			sourceTree = "<group>";
		};
		62D29DE21D57AB4E00A98C0F /* CustomViews */ = {
			isa = PBXGroup;
			children = (
				62D29DEB1D57AB8800A98C0F /* TeamLeaderTableViewCell */,
				62D29DEC1D57AB9200A98C0F /* TeamMemberTableViewCell */,
			);
			name = CustomViews;
			sourceTree = "<group>";
		};
		62D29DEB1D57AB8800A98C0F /* TeamLeaderTableViewCell */ = {
			isa = PBXGroup;
			children = (
				62D29DED1D57ABA800A98C0F /* MOCTeamLeaderTableViewCell.swift */,
				62D29DEE1D57ABA800A98C0F /* MOCTeamLeaderTableViewCell.xib */,
			);
			name = TeamLeaderTableViewCell;
			sourceTree = "<group>";
		};
		62D29DEC1D57AB9200A98C0F /* TeamMemberTableViewCell */ = {
			isa = PBXGroup;
			children = (
				62D29DF11D57ABB300A98C0F /* MOCTeamMemberTableViewCell.swift */,
				62D29DF21D57ABB300A98C0F /* MOCTeamMemberTableViewCell.xib */,
			);
			name = TeamMemberTableViewCell;
			sourceTree = "<group>";
		};
		62D29DF51D57ACAB00A98C0F /* PresentationWrapper */ = {
			isa = PBXGroup;
			children = (
				62D29DFA1D57ACD000A98C0F /* PresentationControllers */,
				62D29DFD1D57ACF200A98C0F /* Transititioners */,
			);
			name = PresentationWrapper;
			sourceTree = "<group>";
		};
		62D29DFA1D57ACD000A98C0F /* PresentationControllers */ = {
			isa = PBXGroup;
			children = (
				62D29DFB1D57ACE100A98C0F /* JCSimplePresentationController.swift */,
			);
			name = PresentationControllers;
			sourceTree = "<group>";
		};
		62D29DFD1D57ACF200A98C0F /* Transititioners */ = {
			isa = PBXGroup;
			children = (
				62D29DFE1D57AD1200A98C0F /* JCSimpleTransitioner.swift */,
			);
			name = Transititioners;
			sourceTree = "<group>";
		};
		62D29E021D57C34300A98C0F /* BaseViewController */ = {
			isa = PBXGroup;
			children = (
				62D29E031D57C35F00A98C0F /* MOCBaseSplitViewController.swift */,
			);
			name = BaseViewController;
			sourceTree = "<group>";
		};
/* End PBXGroup section */

/* Begin PBXNativeTarget section */
		62D24D211D549FB400A5AD08 /* MubalooOrganizationChart */ = {
			isa = PBXNativeTarget;
			buildConfigurationList = 62D24D341D549FB400A5AD08 /* Build configuration list for PBXNativeTarget "MubalooOrganizationChart" */;
			buildPhases = (
				62D24D1E1D549FB400A5AD08 /* Sources */,
				62D24D1F1D549FB400A5AD08 /* Frameworks */,
				62D24D201D549FB400A5AD08 /* Resources */,
				62D29DBB1D54E88000A98C0F /* ShellScript */,
			);
			buildRules = (
			);
			dependencies = (
			);
			name = MubalooOrganizationChart;
			productName = MubalooOrganizationChart;
			productReference = 62D24D221D549FB400A5AD08 /* MubalooOrganizationChart.app */;
			productType = "com.apple.product-type.application";
		};
/* End PBXNativeTarget section */

/* Begin PBXProject section */
		62D24D1A1D549FB400A5AD08 /* Project object */ = {
			isa = PBXProject;
			attributes = {
				LastSwiftUpdateCheck = 0730;
				LastUpgradeCheck = 0730;
				ORGANIZATIONNAME = "João Carreira";
				TargetAttributes = {
					62D24D211D549FB400A5AD08 = {
						CreatedOnToolsVersion = 7.3.1;
					};
				};
			};
			buildConfigurationList = 62D24D1D1D549FB400A5AD08 /* Build configuration list for PBXProject "MubalooOrganizationChart" */;
			compatibilityVersion = "Xcode 3.2";
			developmentRegion = English;
			hasScannedForEncodings = 0;
			knownRegions = (
				en,
				Base,
			);
			mainGroup = 62D24D191D549FB400A5AD08;
			productRefGroup = 62D24D231D549FB400A5AD08 /* Products */;
			projectDirPath = "";
			projectRoot = "";
			targets = (
				62D24D211D549FB400A5AD08 /* MubalooOrganizationChart */,
			);
		};
/* End PBXProject section */

/* Begin PBXResourcesBuildPhase section */
		62D24D201D549FB400A5AD08 /* Resources */ = {
			isa = PBXResourcesBuildPhase;
			buildActionMask = 2147483647;
			files = (
				62D29DF41D57ABB300A98C0F /* MOCTeamMemberTableViewCell.xib in Resources */,
				62D24D411D54A19500A5AD08 /* Main.storyboard in Resources */,
				62D29DF01D57ABA800A98C0F /* MOCTeamLeaderTableViewCell.xib in Resources */,
				62D24D451D54A1E300A5AD08 /* Assets.xcassets in Resources */,
				62D24D401D54A19500A5AD08 /* LaunchScreen.storyboard in Resources */,
			);
			runOnlyForDeploymentPostprocessing = 0;
		};
/* End PBXResourcesBuildPhase section */

/* Begin PBXShellScriptBuildPhase section */
		62D29DBB1D54E88000A98C0F /* ShellScript */ = {
			isa = PBXShellScriptBuildPhase;
			buildActionMask = 2147483647;
			files = (
			);
			inputPaths = (
				"$(SRCROOT)/Carthage/Build/iOS/Gloss.framework",
				"$(SRCROOT)//Carthage/Build/iOS/Kingfisher.framework",
			);
			outputPaths = (
			);
			runOnlyForDeploymentPostprocessing = 0;
			shellPath = /bin/sh;
			shellScript = "/usr/local/bin/carthage copy-frameworks";
		};
/* End PBXShellScriptBuildPhase section */

/* Begin PBXSourcesBuildPhase section */
		62D24D1E1D549FB400A5AD08 /* Sources */ = {
			isa = PBXSourcesBuildPhase;
			buildActionMask = 2147483647;
			files = (
				62D29DD01D5630D200A98C0F /* MOCTeam.swift in Sources */,
				62D29DB71D54D5AB00A98C0F /* JCNetworkError.swift in Sources */,
				62D29DFF1D57AD1200A98C0F /* JCSimpleTransitioner.swift in Sources */,
				62D29DFC1D57ACE100A98C0F /* JCSimplePresentationController.swift in Sources */,
				62D29E011D57AEB700A98C0F /* MOCTeamMemberDetailViewController.swift in Sources */,
				62D29E041D57C35F00A98C0F /* MOCBaseSplitViewController.swift in Sources */,
				62D29DCC1D55449900A98C0F /* MOCMubalooDataSource.swift in Sources */,
				62D29DD11D5630D200A98C0F /* MOCTeamMember.swift in Sources */,
				62D29DF31D57ABB300A98C0F /* MOCTeamMemberTableViewCell.swift in Sources */,
				62D29DD31D56393400A98C0F /* MOCTeamsTableViewController.swift in Sources */,
				62D29DB81D54D5AB00A98C0F /* JCNetworkWrapper.swift in Sources */,
				62D29DC41D553ACA00A98C0F /* AppDelegate.swift in Sources */,
				62D29DB41D54D5A200A98C0F /* Reachability.swift in Sources */,
				62D29DEF1D57ABA800A98C0F /* MOCTeamLeaderTableViewCell.swift in Sources */,
				62D29DD51D56539E00A98C0F /* MOCTeamMembersTableViewController.swift in Sources */,
			);
			runOnlyForDeploymentPostprocessing = 0;
		};
/* End PBXSourcesBuildPhase section */

/* Begin PBXVariantGroup section */
		62D24D3C1D54A19500A5AD08 /* LaunchScreen.storyboard */ = {
			isa = PBXVariantGroup;
			children = (
				62D24D3D1D54A19500A5AD08 /* Base */,
			);
			name = LaunchScreen.storyboard;
			sourceTree = "<group>";
		};
		62D24D3E1D54A19500A5AD08 /* Main.storyboard */ = {
			isa = PBXVariantGroup;
			children = (
				62D24D3F1D54A19500A5AD08 /* Base */,
			);
			name = Main.storyboard;
			sourceTree = "<group>";
		};
/* End PBXVariantGroup section */

/* Begin XCBuildConfiguration section */
		62D24D321D549FB400A5AD08 /* Debug */ = {
			isa = XCBuildConfiguration;
			buildSettings = {
				ALWAYS_SEARCH_USER_PATHS = NO;
				CLANG_ANALYZER_NONNULL = YES;
				CLANG_CXX_LANGUAGE_STANDARD = "gnu++0x";
				CLANG_CXX_LIBRARY = "libc++";
				CLANG_ENABLE_MODULES = YES;
				CLANG_ENABLE_OBJC_ARC = YES;
				CLANG_WARN_BOOL_CONVERSION = YES;
				CLANG_WARN_CONSTANT_CONVERSION = YES;
				CLANG_WARN_DIRECT_OBJC_ISA_USAGE = YES_ERROR;
				CLANG_WARN_EMPTY_BODY = YES;
				CLANG_WARN_ENUM_CONVERSION = YES;
				CLANG_WARN_INT_CONVERSION = YES;
				CLANG_WARN_OBJC_ROOT_CLASS = YES_ERROR;
				CLANG_WARN_UNREACHABLE_CODE = YES;
				CLANG_WARN__DUPLICATE_METHOD_MATCH = YES;
				"CODE_SIGN_IDENTITY[sdk=iphoneos*]" = "iPhone Developer";
				COPY_PHASE_STRIP = NO;
				DEBUG_INFORMATION_FORMAT = dwarf;
				ENABLE_STRICT_OBJC_MSGSEND = YES;
				ENABLE_TESTABILITY = YES;
				GCC_C_LANGUAGE_STANDARD = gnu99;
				GCC_DYNAMIC_NO_PIC = NO;
				GCC_NO_COMMON_BLOCKS = YES;
				GCC_OPTIMIZATION_LEVEL = 0;
				GCC_PREPROCESSOR_DEFINITIONS = (
					"DEBUG=1",
					"$(inherited)",
				);
				GCC_WARN_64_TO_32_BIT_CONVERSION = YES;
				GCC_WARN_ABOUT_RETURN_TYPE = YES_ERROR;
				GCC_WARN_UNDECLARED_SELECTOR = YES;
				GCC_WARN_UNINITIALIZED_AUTOS = YES_AGGRESSIVE;
				GCC_WARN_UNUSED_FUNCTION = YES;
				GCC_WARN_UNUSED_VARIABLE = YES;
				IPHONEOS_DEPLOYMENT_TARGET = 9.3;
				MTL_ENABLE_DEBUG_INFO = YES;
				ONLY_ACTIVE_ARCH = YES;
				SDKROOT = iphoneos;
				SWIFT_OPTIMIZATION_LEVEL = "-Onone";
				TARGETED_DEVICE_FAMILY = "1,2";
			};
			name = Debug;
		};
		62D24D331D549FB400A5AD08 /* Release */ = {
			isa = XCBuildConfiguration;
			buildSettings = {
				ALWAYS_SEARCH_USER_PATHS = NO;
				CLANG_ANALYZER_NONNULL = YES;
				CLANG_CXX_LANGUAGE_STANDARD = "gnu++0x";
				CLANG_CXX_LIBRARY = "libc++";
				CLANG_ENABLE_MODULES = YES;
				CLANG_ENABLE_OBJC_ARC = YES;
				CLANG_WARN_BOOL_CONVERSION = YES;
				CLANG_WARN_CONSTANT_CONVERSION = YES;
				CLANG_WARN_DIRECT_OBJC_ISA_USAGE = YES_ERROR;
				CLANG_WARN_EMPTY_BODY = YES;
				CLANG_WARN_ENUM_CONVERSION = YES;
				CLANG_WARN_INT_CONVERSION = YES;
				CLANG_WARN_OBJC_ROOT_CLASS = YES_ERROR;
				CLANG_WARN_UNREACHABLE_CODE = YES;
				CLANG_WARN__DUPLICATE_METHOD_MATCH = YES;
				"CODE_SIGN_IDENTITY[sdk=iphoneos*]" = "iPhone Developer";
				COPY_PHASE_STRIP = NO;
				DEBUG_INFORMATION_FORMAT = "dwarf-with-dsym";
				ENABLE_NS_ASSERTIONS = NO;
				ENABLE_STRICT_OBJC_MSGSEND = YES;
				GCC_C_LANGUAGE_STANDARD = gnu99;
				GCC_NO_COMMON_BLOCKS = YES;
				GCC_WARN_64_TO_32_BIT_CONVERSION = YES;
				GCC_WARN_ABOUT_RETURN_TYPE = YES_ERROR;
				GCC_WARN_UNDECLARED_SELECTOR = YES;
				GCC_WARN_UNINITIALIZED_AUTOS = YES_AGGRESSIVE;
				GCC_WARN_UNUSED_FUNCTION = YES;
				GCC_WARN_UNUSED_VARIABLE = YES;
				IPHONEOS_DEPLOYMENT_TARGET = 9.3;
				MTL_ENABLE_DEBUG_INFO = NO;
				SDKROOT = iphoneos;
				TARGETED_DEVICE_FAMILY = "1,2";
				VALIDATE_PRODUCT = YES;
			};
			name = Release;
		};
		62D24D351D549FB400A5AD08 /* Debug */ = {
			isa = XCBuildConfiguration;
			buildSettings = {
				ASSETCATALOG_COMPILER_APPICON_NAME = AppIcon;
				FRAMEWORK_SEARCH_PATHS = (
					"$(inherited)",
					"$(PROJECT_DIR)/Carthage/Build/iOS",
				);
				INFOPLIST_FILE = "$(SRCROOT)/MubalooOrganizationChart/Resources/Info.plist";
				LD_RUNPATH_SEARCH_PATHS = "$(inherited) @executable_path/Frameworks";
				PRODUCT_BUNDLE_IDENTIFIER = mubaloo.MubalooOrganizationChart;
				PRODUCT_NAME = "$(TARGET_NAME)";
			};
			name = Debug;
		};
		62D24D361D549FB400A5AD08 /* Release */ = {
			isa = XCBuildConfiguration;
			buildSettings = {
				ASSETCATALOG_COMPILER_APPICON_NAME = AppIcon;
				FRAMEWORK_SEARCH_PATHS = (
					"$(inherited)",
					"$(PROJECT_DIR)/Carthage/Build/iOS",
				);
				INFOPLIST_FILE = "$(SRCROOT)/MubalooOrganizationChart/Resources/Info.plist";
				LD_RUNPATH_SEARCH_PATHS = "$(inherited) @executable_path/Frameworks";
				PRODUCT_BUNDLE_IDENTIFIER = mubaloo.MubalooOrganizationChart;
				PRODUCT_NAME = "$(TARGET_NAME)";
			};
			name = Release;
		};
/* End XCBuildConfiguration section */

/* Begin XCConfigurationList section */
		62D24D1D1D549FB400A5AD08 /* Build configuration list for PBXProject "MubalooOrganizationChart" */ = {
			isa = XCConfigurationList;
			buildConfigurations = (
				62D24D321D549FB400A5AD08 /* Debug */,
				62D24D331D549FB400A5AD08 /* Release */,
			);
			defaultConfigurationIsVisible = 0;
			defaultConfigurationName = Release;
		};
		62D24D341D549FB400A5AD08 /* Build configuration list for PBXNativeTarget "MubalooOrganizationChart" */ = {
			isa = XCConfigurationList;
			buildConfigurations = (
				62D24D351D549FB400A5AD08 /* Debug */,
				62D24D361D549FB400A5AD08 /* Release */,
			);
			defaultConfigurationIsVisible = 0;
			defaultConfigurationName = Release;
		};
/* End XCConfigurationList section */
	};
	rootObject = 62D24D1A1D549FB400A5AD08 /* Project object */;
}
